PODS:
  - FMDB (2.2):
    - FMDB/standard (= 2.2)
  - FMDB/common (2.2)
  - FMDB/standard (2.2):
    - FMDB/common

DEPENDENCIES:
  - FMDB (~> 2.2)

SPEC REPOS:
  trunk:
    - FMDB

SPEC CHECKSUMS:
  FMDB: f6a547829057704797331105a19985f977c1fb62

PODFILE CHECKSUM: 9c26972ce66c3ce5009c075b9f902c75bccfe2a0

COCOAPODS: 1.9.1
